// !$*UTF8*$!
{
	archiveVersion = 1;
	classes = {
	};
	objectVersion = 50;
	objects = {

/* Begin PBXBuildFile section */
		C48A44F525F131930068727D /* LandmarksApp.swift in Sources */ = {isa = PBXBuildFile; fileRef = C48A44F425F131930068727D /* LandmarksApp.swift */; };
		C48A44F725F131930068727D /* ContentView.swift in Sources */ = {isa = PBXBuildFile; fileRef = C48A44F625F131930068727D /* ContentView.swift */; };
		C48A44F925F131940068727D /* Assets.xcassets in Resources */ = {isa = PBXBuildFile; fileRef = C48A44F825F131940068727D /* Assets.xcassets */; };
		C48A44FC25F131940068727D /* Preview Assets.xcassets in Resources */ = {isa = PBXBuildFile; fileRef = C48A44FB25F131940068727D /* Preview Assets.xcassets */; };
		C48A450525F142820068727D /* CircleImage.swift in Sources */ = {isa = PBXBuildFile; fileRef = C48A450425F142820068727D /* CircleImage.swift */; };
		C48A450825F143840068727D /* MapView.swift in Sources */ = {isa = PBXBuildFile; fileRef = C48A450725F143840068727D /* MapView.swift */; };
		C48A451A25F14DAB0068727D /* LICENSE.txt in Resources */ = {isa = PBXBuildFile; fileRef = C48A450C25F14DAB0068727D /* LICENSE.txt */; };
		C48A451B25F14DAB0068727D /* umbagog@2x.jpg in Resources */ = {isa = PBXBuildFile; fileRef = C48A450E25F14DAB0068727D /* umbagog@2x.jpg */; };
		C48A451C25F14DAB0068727D /* twinlake@2x.jpg in Resources */ = {isa = PBXBuildFile; fileRef = C48A450F25F14DAB0068727D /* twinlake@2x.jpg */; };
		C48A451D25F14DAB0068727D /* chincoteague@2x.jpg in Resources */ = {isa = PBXBuildFile; fileRef = C48A451025F14DAB0068727D /* chincoteague@2x.jpg */; };
		C48A451E25F14DAB0068727D /* lakemcdonald@2x.jpg in Resources */ = {isa = PBXBuildFile; fileRef = C48A451125F14DAB0068727D /* lakemcdonald@2x.jpg */; };
		C48A451F25F14DAB0068727D /* silversalmoncreek@2x.jpg in Resources */ = {isa = PBXBuildFile; fileRef = C48A451225F14DAB0068727D /* silversalmoncreek@2x.jpg */; };
		C48A452025F14DAB0068727D /* icybay@2x.jpg in Resources */ = {isa = PBXBuildFile; fileRef = C48A451325F14DAB0068727D /* icybay@2x.jpg */; };
		C48A452125F14DAB0068727D /* hiddenlake@2x.jpg in Resources */ = {isa = PBXBuildFile; fileRef = C48A451425F14DAB0068727D /* hiddenlake@2x.jpg */; };
		C48A452225F14DAB0068727D /* chilkoottrail@2x.jpg in Resources */ = {isa = PBXBuildFile; fileRef = C48A451525F14DAB0068727D /* chilkoottrail@2x.jpg */; };
		C48A452325F14DAB0068727D /* stmarylake@2x.jpg in Resources */ = {isa = PBXBuildFile; fileRef = C48A451625F14DAB0068727D /* stmarylake@2x.jpg */; };
		C48A452425F14DAB0068727D /* charleyrivers@2x.jpg in Resources */ = {isa = PBXBuildFile; fileRef = C48A451725F14DAB0068727D /* charleyrivers@2x.jpg */; };
		C48A452525F14DAB0068727D /* rainbowlake@2x.jpg in Resources */ = {isa = PBXBuildFile; fileRef = C48A451825F14DAB0068727D /* rainbowlake@2x.jpg */; };
		C48A452625F14DAB0068727D /* landmarkData.json in Resources */ = {isa = PBXBuildFile; fileRef = C48A451925F14DAB0068727D /* landmarkData.json */; };
		C48A452925F14DD10068727D /* Landmark.swift in Sources */ = {isa = PBXBuildFile; fileRef = C48A452825F14DD10068727D /* Landmark.swift */; };
		C48A452C25F150170068727D /* ModelData.swift in Sources */ = {isa = PBXBuildFile; fileRef = C48A452B25F150170068727D /* ModelData.swift */; };
		C48A453325F1541A0068727D /* LandmarkRow.swift in Sources */ = {isa = PBXBuildFile; fileRef = C48A453225F1541A0068727D /* LandmarkRow.swift */; };
		C48A453A25F156660068727D /* LandmarkList.swift in Sources */ = {isa = PBXBuildFile; fileRef = C48A453925F156660068727D /* LandmarkList.swift */; };
		C48A453D25F157F20068727D /* LandmarkDetail.swift in Sources */ = {isa = PBXBuildFile; fileRef = C48A453C25F157F20068727D /* LandmarkDetail.swift */; };
		C48A454625F3FEDD0068727D /* FavoriteButton.swift in Sources */ = {isa = PBXBuildFile; fileRef = C48A454525F3FEDD0068727D /* FavoriteButton.swift */; };
		C4C7C11625F8011700877D2F /* hikeData.json in Resources */ = {isa = PBXBuildFile; fileRef = C4C7C11525F8011700877D2F /* hikeData.json */; };
		C4C7C11825F8018A00877D2F /* Hike.swift in Sources */ = {isa = PBXBuildFile; fileRef = C4C7C11725F8018A00877D2F /* Hike.swift */; };
		C4C7C11E25F8037C00877D2F /* GraphCapsule.swift in Sources */ = {isa = PBXBuildFile; fileRef = C4C7C11A25F8037C00877D2F /* GraphCapsule.swift */; };
		C4C7C11F25F8037C00877D2F /* HikeGraph.swift in Sources */ = {isa = PBXBuildFile; fileRef = C4C7C11B25F8037C00877D2F /* HikeGraph.swift */; };
		C4C7C12025F8037C00877D2F /* HikeDetail.swift in Sources */ = {isa = PBXBuildFile; fileRef = C4C7C11C25F8037C00877D2F /* HikeDetail.swift */; };
		C4C7C12125F8037C00877D2F /* HikeView.swift in Sources */ = {isa = PBXBuildFile; fileRef = C4C7C11D25F8037C00877D2F /* HikeView.swift */; };
		C4DC560525F5531D00B67852 /* HexagonParameters.swift in Sources */ = {isa = PBXBuildFile; fileRef = C4DC560425F5531D00B67852 /* HexagonParameters.swift */; };
		C4DC560725F5556500B67852 /* BadgeBackground.swift in Sources */ = {isa = PBXBuildFile; fileRef = C4DC560625F5556500B67852 /* BadgeBackground.swift */; };
		C4DC561C25F5613100B67852 /* landmark_app_icon_167x167.png in Resources */ = {isa = PBXBuildFile; fileRef = C4DC560925F5613100B67852 /* landmark_app_icon_167x167.png */; };
		C4DC561D25F5613100B67852 /* landmark_app_icon_60x60.png in Resources */ = {isa = PBXBuildFile; fileRef = C4DC560A25F5613100B67852 /* landmark_app_icon_60x60.png */; };
		C4DC561E25F5613100B67852 /* landmark_app_icon_58x58.png in Resources */ = {isa = PBXBuildFile; fileRef = C4DC560B25F5613100B67852 /* landmark_app_icon_58x58.png */; };
		C4DC561F25F5613100B67852 /* landmark_app_icon_40x40-1.png in Resources */ = {isa = PBXBuildFile; fileRef = C4DC560C25F5613100B67852 /* landmark_app_icon_40x40-1.png */; };
		C4DC562025F5613100B67852 /* landmark_app_icon_40x40-2.png in Resources */ = {isa = PBXBuildFile; fileRef = C4DC560D25F5613100B67852 /* landmark_app_icon_40x40-2.png */; };
		C4DC562125F5613100B67852 /* landmark_app_icon_29x29.png in Resources */ = {isa = PBXBuildFile; fileRef = C4DC560E25F5613100B67852 /* landmark_app_icon_29x29.png */; };
		C4DC562225F5613100B67852 /* landmark_app_icon_76x76.png in Resources */ = {isa = PBXBuildFile; fileRef = C4DC560F25F5613100B67852 /* landmark_app_icon_76x76.png */; };
		C4DC562325F5613100B67852 /* landmark_app_icon_120x120-1.png in Resources */ = {isa = PBXBuildFile; fileRef = C4DC561025F5613100B67852 /* landmark_app_icon_120x120-1.png */; };
		C4DC562425F5613100B67852 /* landmark_app_icon_20x20.png in Resources */ = {isa = PBXBuildFile; fileRef = C4DC561125F5613100B67852 /* landmark_app_icon_20x20.png */; };
		C4DC562525F5613100B67852 /* landmark_app_icon_80x80.png in Resources */ = {isa = PBXBuildFile; fileRef = C4DC561225F5613100B67852 /* landmark_app_icon_80x80.png */; };
		C4DC562625F5613100B67852 /* landmark_app_icon_80x80-1.png in Resources */ = {isa = PBXBuildFile; fileRef = C4DC561325F5613100B67852 /* landmark_app_icon_80x80-1.png */; };
		C4DC562725F5613100B67852 /* landmark_app_icon_152x152.png in Resources */ = {isa = PBXBuildFile; fileRef = C4DC561425F5613100B67852 /* landmark_app_icon_152x152.png */; };
		C4DC562825F5613100B67852 /* landmark_app_icon_40x40.png in Resources */ = {isa = PBXBuildFile; fileRef = C4DC561525F5613100B67852 /* landmark_app_icon_40x40.png */; };
		C4DC562925F5613100B67852 /* landmark_app_icon_58x58-1.png in Resources */ = {isa = PBXBuildFile; fileRef = C4DC561625F5613100B67852 /* landmark_app_icon_58x58-1.png */; };
		C4DC562A25F5613100B67852 /* landmark_app_icon_87x87.png in Resources */ = {isa = PBXBuildFile; fileRef = C4DC561725F5613100B67852 /* landmark_app_icon_87x87.png */; };
		C4DC562B25F5613100B67852 /* landmark_app_icon_180x180.png in Resources */ = {isa = PBXBuildFile; fileRef = C4DC561825F5613100B67852 /* landmark_app_icon_180x180.png */; };
		C4DC562C25F5613100B67852 /* Contents.json in Resources */ = {isa = PBXBuildFile; fileRef = C4DC561925F5613100B67852 /* Contents.json */; };
		C4DC562D25F5613100B67852 /* landmark_app_icon_1024x1024.png in Resources */ = {isa = PBXBuildFile; fileRef = C4DC561A25F5613100B67852 /* landmark_app_icon_1024x1024.png */; };
		C4DC562E25F5613100B67852 /* landmark_app_icon_120x120.png in Resources */ = {isa = PBXBuildFile; fileRef = C4DC561B25F5613100B67852 /* landmark_app_icon_120x120.png */; };
		C4DC563725F56D5900B67852 /* BadgeSymbol.swift in Sources */ = {isa = PBXBuildFile; fileRef = C4DC563625F56D5900B67852 /* BadgeSymbol.swift */; };
		C4DC563925F56DBE00B67852 /* RotatedBadgeSymbol.swift in Sources */ = {isa = PBXBuildFile; fileRef = C4DC563825F56DBE00B67852 /* RotatedBadgeSymbol.swift */; };
		C4DC563D25F56E1700B67852 /* Badge.swift in Sources */ = {isa = PBXBuildFile; fileRef = C4DC563C25F56E1700B67852 /* Badge.swift */; };
/* End PBXBuildFile section */

/* Begin PBXFileReference section */
		C48A44F125F131930068727D /* Landmarks.app */ = {isa = PBXFileReference; explicitFileType = wrapper.application; includeInIndex = 0; path = Landmarks.app; sourceTree = BUILT_PRODUCTS_DIR; };
		C48A44F425F131930068727D /* LandmarksApp.swift */ = {isa = PBXFileReference; lastKnownFileType = sourcecode.swift; path = LandmarksApp.swift; sourceTree = "<group>"; };
		C48A44F625F131930068727D /* ContentView.swift */ = {isa = PBXFileReference; lastKnownFileType = sourcecode.swift; path = ContentView.swift; sourceTree = "<group>"; };
		C48A44F825F131940068727D /* Assets.xcassets */ = {isa = PBXFileReference; lastKnownFileType = folder.assetcatalog; path = Assets.xcassets; sourceTree = "<group>"; };
		C48A44FB25F131940068727D /* Preview Assets.xcassets */ = {isa = PBXFileReference; lastKnownFileType = folder.assetcatalog; path = "Preview Assets.xcassets"; sourceTree = "<group>"; };
		C48A44FD25F131940068727D /* Info.plist */ = {isa = PBXFileReference; lastKnownFileType = text.plist.xml; path = Info.plist; sourceTree = "<group>"; };
		C48A450425F142820068727D /* CircleImage.swift */ = {isa = PBXFileReference; lastKnownFileType = sourcecode.swift; path = CircleImage.swift; sourceTree = "<group>"; };
		C48A450725F143840068727D /* MapView.swift */ = {isa = PBXFileReference; lastKnownFileType = sourcecode.swift; path = MapView.swift; sourceTree = "<group>"; };
		C48A450C25F14DAB0068727D /* LICENSE.txt */ = {isa = PBXFileReference; fileEncoding = 4; lastKnownFileType = text; path = LICENSE.txt; sourceTree = "<group>"; };
		C48A450E25F14DAB0068727D /* umbagog@2x.jpg */ = {isa = PBXFileReference; lastKnownFileType = image.jpeg; path = "umbagog@2x.jpg"; sourceTree = "<group>"; };
		C48A450F25F14DAB0068727D /* twinlake@2x.jpg */ = {isa = PBXFileReference; lastKnownFileType = image.jpeg; path = "twinlake@2x.jpg"; sourceTree = "<group>"; };
		C48A451025F14DAB0068727D /* chincoteague@2x.jpg */ = {isa = PBXFileReference; lastKnownFileType = image.jpeg; path = "chincoteague@2x.jpg"; sourceTree = "<group>"; };
		C48A451125F14DAB0068727D /* lakemcdonald@2x.jpg */ = {isa = PBXFileReference; lastKnownFileType = image.jpeg; path = "lakemcdonald@2x.jpg"; sourceTree = "<group>"; };
		C48A451225F14DAB0068727D /* silversalmoncreek@2x.jpg */ = {isa = PBXFileReference; lastKnownFileType = image.jpeg; path = "silversalmoncreek@2x.jpg"; sourceTree = "<group>"; };
		C48A451325F14DAB0068727D /* icybay@2x.jpg */ = {isa = PBXFileReference; lastKnownFileType = image.jpeg; path = "icybay@2x.jpg"; sourceTree = "<group>"; };
		C48A451425F14DAB0068727D /* hiddenlake@2x.jpg */ = {isa = PBXFileReference; lastKnownFileType = image.jpeg; path = "hiddenlake@2x.jpg"; sourceTree = "<group>"; };
		C48A451525F14DAB0068727D /* chilkoottrail@2x.jpg */ = {isa = PBXFileReference; lastKnownFileType = image.jpeg; path = "chilkoottrail@2x.jpg"; sourceTree = "<group>"; };
		C48A451625F14DAB0068727D /* stmarylake@2x.jpg */ = {isa = PBXFileReference; lastKnownFileType = image.jpeg; path = "stmarylake@2x.jpg"; sourceTree = "<group>"; };
		C48A451725F14DAB0068727D /* charleyrivers@2x.jpg */ = {isa = PBXFileReference; lastKnownFileType = image.jpeg; path = "charleyrivers@2x.jpg"; sourceTree = "<group>"; };
		C48A451825F14DAB0068727D /* rainbowlake@2x.jpg */ = {isa = PBXFileReference; lastKnownFileType = image.jpeg; path = "rainbowlake@2x.jpg"; sourceTree = "<group>"; };
		C48A451925F14DAB0068727D /* landmarkData.json */ = {isa = PBXFileReference; fileEncoding = 4; lastKnownFileType = text.json; path = landmarkData.json; sourceTree = "<group>"; };
		C48A452825F14DD10068727D /* Landmark.swift */ = {isa = PBXFileReference; lastKnownFileType = sourcecode.swift; path = Landmark.swift; sourceTree = "<group>"; };
		C48A452B25F150170068727D /* ModelData.swift */ = {isa = PBXFileReference; lastKnownFileType = sourcecode.swift; path = ModelData.swift; sourceTree = "<group>"; };
		C48A453225F1541A0068727D /* LandmarkRow.swift */ = {isa = PBXFileReference; lastKnownFileType = sourcecode.swift; path = LandmarkRow.swift; sourceTree = "<group>"; };
		C48A453925F156660068727D /* LandmarkList.swift */ = {isa = PBXFileReference; lastKnownFileType = sourcecode.swift; path = LandmarkList.swift; sourceTree = "<group>"; };
		C48A453C25F157F20068727D /* LandmarkDetail.swift */ = {isa = PBXFileReference; lastKnownFileType = sourcecode.swift; path = LandmarkDetail.swift; sourceTree = "<group>"; };
		C48A454525F3FEDD0068727D /* FavoriteButton.swift */ = {isa = PBXFileReference; lastKnownFileType = sourcecode.swift; path = FavoriteButton.swift; sourceTree = "<group>"; };
		C4C7C11525F8011700877D2F /* hikeData.json */ = {isa = PBXFileReference; fileEncoding = 4; lastKnownFileType = text.json; path = hikeData.json; sourceTree = "<group>"; };
		C4C7C11725F8018A00877D2F /* Hike.swift */ = {isa = PBXFileReference; lastKnownFileType = sourcecode.swift; path = Hike.swift; sourceTree = "<group>"; };
		C4C7C11A25F8037C00877D2F /* GraphCapsule.swift */ = {isa = PBXFileReference; fileEncoding = 4; lastKnownFileType = sourcecode.swift; path = GraphCapsule.swift; sourceTree = "<group>"; };
		C4C7C11B25F8037C00877D2F /* HikeGraph.swift */ = {isa = PBXFileReference; fileEncoding = 4; lastKnownFileType = sourcecode.swift; path = HikeGraph.swift; sourceTree = "<group>"; };
		C4C7C11C25F8037C00877D2F /* HikeDetail.swift */ = {isa = PBXFileReference; fileEncoding = 4; lastKnownFileType = sourcecode.swift; path = HikeDetail.swift; sourceTree = "<group>"; };
		C4C7C11D25F8037C00877D2F /* HikeView.swift */ = {isa = PBXFileReference; fileEncoding = 4; lastKnownFileType = sourcecode.swift; path = HikeView.swift; sourceTree = "<group>"; };
		C4DC560425F5531D00B67852 /* HexagonParameters.swift */ = {isa = PBXFileReference; lastKnownFileType = sourcecode.swift; path = HexagonParameters.swift; sourceTree = "<group>"; };
		C4DC560625F5556500B67852 /* BadgeBackground.swift */ = {isa = PBXFileReference; lastKnownFileType = sourcecode.swift; path = BadgeBackground.swift; sourceTree = "<group>"; };
		C4DC560925F5613100B67852 /* landmark_app_icon_167x167.png */ = {isa = PBXFileReference; lastKnownFileType = image.png; path = landmark_app_icon_167x167.png; sourceTree = "<group>"; };
		C4DC560A25F5613100B67852 /* landmark_app_icon_60x60.png */ = {isa = PBXFileReference; lastKnownFileType = image.png; path = landmark_app_icon_60x60.png; sourceTree = "<group>"; };
		C4DC560B25F5613100B67852 /* landmark_app_icon_58x58.png */ = {isa = PBXFileReference; lastKnownFileType = image.png; path = landmark_app_icon_58x58.png; sourceTree = "<group>"; };
		C4DC560C25F5613100B67852 /* landmark_app_icon_40x40-1.png */ = {isa = PBXFileReference; lastKnownFileType = image.png; path = "landmark_app_icon_40x40-1.png"; sourceTree = "<group>"; };
		C4DC560D25F5613100B67852 /* landmark_app_icon_40x40-2.png */ = {isa = PBXFileReference; lastKnownFileType = image.png; path = "landmark_app_icon_40x40-2.png"; sourceTree = "<group>"; };
		C4DC560E25F5613100B67852 /* landmark_app_icon_29x29.png */ = {isa = PBXFileReference; lastKnownFileType = image.png; path = landmark_app_icon_29x29.png; sourceTree = "<group>"; };
		C4DC560F25F5613100B67852 /* landmark_app_icon_76x76.png */ = {isa = PBXFileReference; lastKnownFileType = image.png; path = landmark_app_icon_76x76.png; sourceTree = "<group>"; };
		C4DC561025F5613100B67852 /* landmark_app_icon_120x120-1.png */ = {isa = PBXFileReference; lastKnownFileType = image.png; path = "landmark_app_icon_120x120-1.png"; sourceTree = "<group>"; };
		C4DC561125F5613100B67852 /* landmark_app_icon_20x20.png */ = {isa = PBXFileReference; lastKnownFileType = image.png; path = landmark_app_icon_20x20.png; sourceTree = "<group>"; };
		C4DC561225F5613100B67852 /* landmark_app_icon_80x80.png */ = {isa = PBXFileReference; lastKnownFileType = image.png; path = landmark_app_icon_80x80.png; sourceTree = "<group>"; };
		C4DC561325F5613100B67852 /* landmark_app_icon_80x80-1.png */ = {isa = PBXFileReference; lastKnownFileType = image.png; path = "landmark_app_icon_80x80-1.png"; sourceTree = "<group>"; };
		C4DC561425F5613100B67852 /* landmark_app_icon_152x152.png */ = {isa = PBXFileReference; lastKnownFileType = image.png; path = landmark_app_icon_152x152.png; sourceTree = "<group>"; };
		C4DC561525F5613100B67852 /* landmark_app_icon_40x40.png */ = {isa = PBXFileReference; lastKnownFileType = image.png; path = landmark_app_icon_40x40.png; sourceTree = "<group>"; };
		C4DC561625F5613100B67852 /* landmark_app_icon_58x58-1.png */ = {isa = PBXFileReference; lastKnownFileType = image.png; path = "landmark_app_icon_58x58-1.png"; sourceTree = "<group>"; };
		C4DC561725F5613100B67852 /* landmark_app_icon_87x87.png */ = {isa = PBXFileReference; lastKnownFileType = image.png; path = landmark_app_icon_87x87.png; sourceTree = "<group>"; };
		C4DC561825F5613100B67852 /* landmark_app_icon_180x180.png */ = {isa = PBXFileReference; lastKnownFileType = image.png; path = landmark_app_icon_180x180.png; sourceTree = "<group>"; };
		C4DC561925F5613100B67852 /* Contents.json */ = {isa = PBXFileReference; fileEncoding = 4; lastKnownFileType = text.json; path = Contents.json; sourceTree = "<group>"; };
		C4DC561A25F5613100B67852 /* landmark_app_icon_1024x1024.png */ = {isa = PBXFileReference; lastKnownFileType = image.png; path = landmark_app_icon_1024x1024.png; sourceTree = "<group>"; };
		C4DC561B25F5613100B67852 /* landmark_app_icon_120x120.png */ = {isa = PBXFileReference; lastKnownFileType = image.png; path = landmark_app_icon_120x120.png; sourceTree = "<group>"; };
		C4DC563625F56D5900B67852 /* BadgeSymbol.swift */ = {isa = PBXFileReference; lastKnownFileType = sourcecode.swift; path = BadgeSymbol.swift; sourceTree = "<group>"; };
		C4DC563825F56DBE00B67852 /* RotatedBadgeSymbol.swift */ = {isa = PBXFileReference; lastKnownFileType = sourcecode.swift; path = RotatedBadgeSymbol.swift; sourceTree = "<group>"; };
		C4DC563C25F56E1700B67852 /* Badge.swift */ = {isa = PBXFileReference; lastKnownFileType = sourcecode.swift; path = Badge.swift; sourceTree = "<group>"; };
/* End PBXFileReference section */

/* Begin PBXFrameworksBuildPhase section */
		C48A44EE25F131930068727D /* Frameworks */ = {
			isa = PBXFrameworksBuildPhase;
			buildActionMask = 2147483647;
			files = (
			);
			runOnlyForDeploymentPostprocessing = 0;
		};
/* End PBXFrameworksBuildPhase section */

/* Begin PBXGroup section */
		C48A44E825F131930068727D = {
			isa = PBXGroup;
			children = (
				C48A44F325F131930068727D /* Landmarks */,
				C48A44F225F131930068727D /* Products */,
			);
			sourceTree = "<group>";
		};
		C48A44F225F131930068727D /* Products */ = {
			isa = PBXGroup;
			children = (
				C48A44F125F131930068727D /* Landmarks.app */,
			);
			name = Products;
			sourceTree = "<group>";
		};
		C48A44F325F131930068727D /* Landmarks */ = {
			isa = PBXGroup;
			children = (
				C48A44F425F131930068727D /* LandmarksApp.swift */,
				C48A453025F152D80068727D /* Views */,
				C48A453125F153140068727D /* Model */,
				C48A450A25F14DAB0068727D /* Resources */,
				C48A44F825F131940068727D /* Assets.xcassets */,
				C48A44FD25F131940068727D /* Info.plist */,
				C48A44FA25F131940068727D /* Preview Content */,
			);
			path = Landmarks;
			sourceTree = "<group>";
		};
		C48A44FA25F131940068727D /* Preview Content */ = {
			isa = PBXGroup;
			children = (
				C48A44FB25F131940068727D /* Preview Assets.xcassets */,
			);
			path = "Preview Content";
			sourceTree = "<group>";
		};
		C48A450A25F14DAB0068727D /* Resources */ = {
			isa = PBXGroup;
			children = (
				C4C7C11525F8011700877D2F /* hikeData.json */,
				C4DC560825F5613100B67852 /* AppIcon.appiconset */,
				C48A450B25F14DAB0068727D /* LICENSE */,
				C48A450D25F14DAB0068727D /* Images */,
				C48A451925F14DAB0068727D /* landmarkData.json */,
			);
			path = Resources;
			sourceTree = "<group>";
		};
		C48A450B25F14DAB0068727D /* LICENSE */ = {
			isa = PBXGroup;
			children = (
				C48A450C25F14DAB0068727D /* LICENSE.txt */,
			);
			path = LICENSE;
			sourceTree = "<group>";
		};
		C48A450D25F14DAB0068727D /* Images */ = {
			isa = PBXGroup;
			children = (
				C48A450E25F14DAB0068727D /* umbagog@2x.jpg */,
				C48A450F25F14DAB0068727D /* twinlake@2x.jpg */,
				C48A451025F14DAB0068727D /* chincoteague@2x.jpg */,
				C48A451125F14DAB0068727D /* lakemcdonald@2x.jpg */,
				C48A451225F14DAB0068727D /* silversalmoncreek@2x.jpg */,
				C48A451325F14DAB0068727D /* icybay@2x.jpg */,
				C48A451425F14DAB0068727D /* hiddenlake@2x.jpg */,
				C48A451525F14DAB0068727D /* chilkoottrail@2x.jpg */,
				C48A451625F14DAB0068727D /* stmarylake@2x.jpg */,
				C48A451725F14DAB0068727D /* charleyrivers@2x.jpg */,
				C48A451825F14DAB0068727D /* rainbowlake@2x.jpg */,
			);
			path = Images;
			sourceTree = "<group>";
		};
		C48A453025F152D80068727D /* Views */ = {
			isa = PBXGroup;
			children = (
				C4C7C11925F8037C00877D2F /* Hikes */,
				C4C7C11725F8018A00877D2F /* Hike.swift */,
				C48A44F625F131930068727D /* ContentView.swift */,
				C48A454825F3FFC50068727D /* Landmarks */,
				C48A454925F3FFF80068727D /* Helpers */,
				C4DC563E25F56E2500B67852 /* Badges */,
			);
			path = Views;
			sourceTree = "<group>";
		};
		C48A453125F153140068727D /* Model */ = {
			isa = PBXGroup;
			children = (
				C48A452825F14DD10068727D /* Landmark.swift */,
				C48A452B25F150170068727D /* ModelData.swift */,
			);
			path = Model;
			sourceTree = "<group>";
		};
		C48A454825F3FFC50068727D /* Landmarks */ = {
			isa = PBXGroup;
			children = (
				C48A453225F1541A0068727D /* LandmarkRow.swift */,
				C48A453925F156660068727D /* LandmarkList.swift */,
				C48A453C25F157F20068727D /* LandmarkDetail.swift */,
			);
			path = Landmarks;
			sourceTree = "<group>";
		};
		C48A454925F3FFF80068727D /* Helpers */ = {
			isa = PBXGroup;
			children = (
				C48A450725F143840068727D /* MapView.swift */,
				C48A450425F142820068727D /* CircleImage.swift */,
				C48A454525F3FEDD0068727D /* FavoriteButton.swift */,
			);
			path = Helpers;
			sourceTree = "<group>";
		};
		C4C7C11925F8037C00877D2F /* Hikes */ = {
			isa = PBXGroup;
			children = (
				C4C7C11A25F8037C00877D2F /* GraphCapsule.swift */,
				C4C7C11B25F8037C00877D2F /* HikeGraph.swift */,
				C4C7C11C25F8037C00877D2F /* HikeDetail.swift */,
				C4C7C11D25F8037C00877D2F /* HikeView.swift */,
			);
			path = Hikes;
			sourceTree = "<group>";
		};
		C4DC560825F5613100B67852 /* AppIcon.appiconset */ = {
			isa = PBXGroup;
			children = (
				C4DC560925F5613100B67852 /* landmark_app_icon_167x167.png */,
				C4DC560A25F5613100B67852 /* landmark_app_icon_60x60.png */,
				C4DC560B25F5613100B67852 /* landmark_app_icon_58x58.png */,
				C4DC560C25F5613100B67852 /* landmark_app_icon_40x40-1.png */,
				C4DC560D25F5613100B67852 /* landmark_app_icon_40x40-2.png */,
				C4DC560E25F5613100B67852 /* landmark_app_icon_29x29.png */,
				C4DC560F25F5613100B67852 /* landmark_app_icon_76x76.png */,
				C4DC561025F5613100B67852 /* landmark_app_icon_120x120-1.png */,
				C4DC561125F5613100B67852 /* landmark_app_icon_20x20.png */,
				C4DC561225F5613100B67852 /* landmark_app_icon_80x80.png */,
				C4DC561325F5613100B67852 /* landmark_app_icon_80x80-1.png */,
				C4DC561425F5613100B67852 /* landmark_app_icon_152x152.png */,
				C4DC561525F5613100B67852 /* landmark_app_icon_40x40.png */,
				C4DC561625F5613100B67852 /* landmark_app_icon_58x58-1.png */,
				C4DC561725F5613100B67852 /* landmark_app_icon_87x87.png */,
				C4DC561825F5613100B67852 /* landmark_app_icon_180x180.png */,
				C4DC561925F5613100B67852 /* Contents.json */,
				C4DC561A25F5613100B67852 /* landmark_app_icon_1024x1024.png */,
				C4DC561B25F5613100B67852 /* landmark_app_icon_120x120.png */,
			);
			path = AppIcon.appiconset;
			sourceTree = "<group>";
		};
		C4DC563E25F56E2500B67852 /* Badges */ = {
			isa = PBXGroup;
			children = (
				C4DC560425F5531D00B67852 /* HexagonParameters.swift */,
				C4DC560625F5556500B67852 /* BadgeBackground.swift */,
				C4DC563625F56D5900B67852 /* BadgeSymbol.swift */,
				C4DC563825F56DBE00B67852 /* RotatedBadgeSymbol.swift */,
				C4DC563C25F56E1700B67852 /* Badge.swift */,
			);
			path = Badges;
			sourceTree = "<group>";
		};
/* End PBXGroup section */

/* Begin PBXNativeTarget section */
		C48A44F025F131930068727D /* Landmarks */ = {
			isa = PBXNativeTarget;
			buildConfigurationList = C48A450025F131940068727D /* Build configuration list for PBXNativeTarget "Landmarks" */;
			buildPhases = (
				C48A44ED25F131930068727D /* Sources */,
				C48A44EE25F131930068727D /* Frameworks */,
				C48A44EF25F131930068727D /* Resources */,
			);
			buildRules = (
			);
			dependencies = (
			);
			name = Landmarks;
			productName = Landmarks;
			productReference = C48A44F125F131930068727D /* Landmarks.app */;
			productType = "com.apple.product-type.application";
		};
/* End PBXNativeTarget section */

/* Begin PBXProject section */
		C48A44E925F131930068727D /* Project object */ = {
			isa = PBXProject;
			attributes = {
				LastSwiftUpdateCheck = 1230;
				LastUpgradeCheck = 1230;
				TargetAttributes = {
					C48A44F025F131930068727D = {
						CreatedOnToolsVersion = 12.3;
					};
				};
			};
			buildConfigurationList = C48A44EC25F131930068727D /* Build configuration list for PBXProject "Landmarks" */;
			compatibilityVersion = "Xcode 9.3";
			developmentRegion = en;
			hasScannedForEncodings = 0;
			knownRegions = (
				en,
				Base,
			);
			mainGroup = C48A44E825F131930068727D;
			productRefGroup = C48A44F225F131930068727D /* Products */;
			projectDirPath = "";
			projectRoot = "";
			targets = (
				C48A44F025F131930068727D /* Landmarks */,
			);
		};
/* End PBXProject section */

/* Begin PBXResourcesBuildPhase section */
		C48A44EF25F131930068727D /* Resources */ = {
			isa = PBXResourcesBuildPhase;
			buildActionMask = 2147483647;
			files = (
				C48A452425F14DAB0068727D /* charleyrivers@2x.jpg in Resources */,
				C4DC562225F5613100B67852 /* landmark_app_icon_76x76.png in Resources */,
				C48A451A25F14DAB0068727D /* LICENSE.txt in Resources */,
				C4DC562E25F5613100B67852 /* landmark_app_icon_120x120.png in Resources */,
				C4DC562C25F5613100B67852 /* Contents.json in Resources */,
				C48A452125F14DAB0068727D /* hiddenlake@2x.jpg in Resources */,
				C48A451B25F14DAB0068727D /* umbagog@2x.jpg in Resources */,
				C4DC562025F5613100B67852 /* landmark_app_icon_40x40-2.png in Resources */,
				C48A452525F14DAB0068727D /* rainbowlake@2x.jpg in Resources */,
				C4DC562125F5613100B67852 /* landmark_app_icon_29x29.png in Resources */,
				C4DC561E25F5613100B67852 /* landmark_app_icon_58x58.png in Resources */,
				C4DC562B25F5613100B67852 /* landmark_app_icon_180x180.png in Resources */,
				C4DC561C25F5613100B67852 /* landmark_app_icon_167x167.png in Resources */,
				C4DC561D25F5613100B67852 /* landmark_app_icon_60x60.png in Resources */,
				C48A452025F14DAB0068727D /* icybay@2x.jpg in Resources */,
				C48A451F25F14DAB0068727D /* silversalmoncreek@2x.jpg in Resources */,
				C4DC561F25F5613100B67852 /* landmark_app_icon_40x40-1.png in Resources */,
				C48A44FC25F131940068727D /* Preview Assets.xcassets in Resources */,
				C4DC562325F5613100B67852 /* landmark_app_icon_120x120-1.png in Resources */,
				C4C7C11625F8011700877D2F /* hikeData.json in Resources */,
				C4DC562725F5613100B67852 /* landmark_app_icon_152x152.png in Resources */,
				C48A452625F14DAB0068727D /* landmarkData.json in Resources */,
				C4DC562925F5613100B67852 /* landmark_app_icon_58x58-1.png in Resources */,
				C4DC562525F5613100B67852 /* landmark_app_icon_80x80.png in Resources */,
				C4DC562825F5613100B67852 /* landmark_app_icon_40x40.png in Resources */,
				C4DC562D25F5613100B67852 /* landmark_app_icon_1024x1024.png in Resources */,
				C48A451C25F14DAB0068727D /* twinlake@2x.jpg in Resources */,
				C48A452325F14DAB0068727D /* stmarylake@2x.jpg in Resources */,
				C4DC562425F5613100B67852 /* landmark_app_icon_20x20.png in Resources */,
				C4DC562625F5613100B67852 /* landmark_app_icon_80x80-1.png in Resources */,
				C4DC562A25F5613100B67852 /* landmark_app_icon_87x87.png in Resources */,
				C48A451E25F14DAB0068727D /* lakemcdonald@2x.jpg in Resources */,
				C48A452225F14DAB0068727D /* chilkoottrail@2x.jpg in Resources */,
				C48A44F925F131940068727D /* Assets.xcassets in Resources */,
				C48A451D25F14DAB0068727D /* chincoteague@2x.jpg in Resources */,
			);
			runOnlyForDeploymentPostprocessing = 0;
		};
/* End PBXResourcesBuildPhase section */

/* Begin PBXSourcesBuildPhase section */
		C48A44ED25F131930068727D /* Sources */ = {
			isa = PBXSourcesBuildPhase;
			buildActionMask = 2147483647;
			files = (
				C48A44F725F131930068727D /* ContentView.swift in Sources */,
				C4C7C11F25F8037C00877D2F /* HikeGraph.swift in Sources */,
				C4DC563D25F56E1700B67852 /* Badge.swift in Sources */,
				C48A450825F143840068727D /* MapView.swift in Sources */,
				C4C7C11E25F8037C00877D2F /* GraphCapsule.swift in Sources */,
				C48A44F525F131930068727D /* LandmarksApp.swift in Sources */,
				C48A454625F3FEDD0068727D /* FavoriteButton.swift in Sources */,
				C4C7C12025F8037C00877D2F /* HikeDetail.swift in Sources */,
				C4DC560525F5531D00B67852 /* HexagonParameters.swift in Sources */,
				C4C7C11825F8018A00877D2F /* Hike.swift in Sources */,
				C4DC563925F56DBE00B67852 /* RotatedBadgeSymbol.swift in Sources */,
				C4DC563725F56D5900B67852 /* BadgeSymbol.swift in Sources */,
				C48A453A25F156660068727D /* LandmarkList.swift in Sources */,
				C4C7C12125F8037C00877D2F /* HikeView.swift in Sources */,
				C48A453D25F157F20068727D /* LandmarkDetail.swift in Sources */,
				C4DC560725F5556500B67852 /* BadgeBackground.swift in Sources */,
				C48A450525F142820068727D /* CircleImage.swift in Sources */,
				C48A452925F14DD10068727D /* Landmark.swift in Sources */,
				C48A453325F1541A0068727D /* LandmarkRow.swift in Sources */,
				C48A452C25F150170068727D /* ModelData.swift in Sources */,
			);
			runOnlyForDeploymentPostprocessing = 0;
		};
/* End PBXSourcesBuildPhase section */

/* Begin XCBuildConfiguration section */
		C48A44FE25F131940068727D /* Debug */ = {
			isa = XCBuildConfiguration;
			buildSettings = {
				ALWAYS_SEARCH_USER_PATHS = NO;
				CLANG_ANALYZER_NONNULL = YES;
				CLANG_ANALYZER_NUMBER_OBJECT_CONVERSION = YES_AGGRESSIVE;
				CLANG_CXX_LANGUAGE_STANDARD = "gnu++14";
				CLANG_CXX_LIBRARY = "libc++";
				CLANG_ENABLE_MODULES = YES;
				CLANG_ENABLE_OBJC_ARC = YES;
				CLANG_ENABLE_OBJC_WEAK = YES;
				CLANG_WARN_BLOCK_CAPTURE_AUTORELEASING = YES;
				CLANG_WARN_BOOL_CONVERSION = YES;
				CLANG_WARN_COMMA = YES;
				CLANG_WARN_CONSTANT_CONVERSION = YES;
				CLANG_WARN_DEPRECATED_OBJC_IMPLEMENTATIONS = YES;
				CLANG_WARN_DIRECT_OBJC_ISA_USAGE = YES_ERROR;
				CLANG_WARN_DOCUMENTATION_COMMENTS = YES;
				CLANG_WARN_EMPTY_BODY = YES;
				CLANG_WARN_ENUM_CONVERSION = YES;
				CLANG_WARN_INFINITE_RECURSION = YES;
				CLANG_WARN_INT_CONVERSION = YES;
				CLANG_WARN_NON_LITERAL_NULL_CONVERSION = YES;
				CLANG_WARN_OBJC_IMPLICIT_RETAIN_SELF = YES;
				CLANG_WARN_OBJC_LITERAL_CONVERSION = YES;
				CLANG_WARN_OBJC_ROOT_CLASS = YES_ERROR;
				CLANG_WARN_QUOTED_INCLUDE_IN_FRAMEWORK_HEADER = YES;
				CLANG_WARN_RANGE_LOOP_ANALYSIS = YES;
				CLANG_WARN_STRICT_PROTOTYPES = YES;
				CLANG_WARN_SUSPICIOUS_MOVE = YES;
				CLANG_WARN_UNGUARDED_AVAILABILITY = YES_AGGRESSIVE;
				CLANG_WARN_UNREACHABLE_CODE = YES;
				CLANG_WARN__DUPLICATE_METHOD_MATCH = YES;
				COPY_PHASE_STRIP = NO;
				DEBUG_INFORMATION_FORMAT = dwarf;
				ENABLE_STRICT_OBJC_MSGSEND = YES;
				ENABLE_TESTABILITY = YES;
				GCC_C_LANGUAGE_STANDARD = gnu11;
				GCC_DYNAMIC_NO_PIC = NO;
				GCC_NO_COMMON_BLOCKS = YES;
				GCC_OPTIMIZATION_LEVEL = 0;
				GCC_PREPROCESSOR_DEFINITIONS = (
					"DEBUG=1",
					"$(inherited)",
				);
				GCC_WARN_64_TO_32_BIT_CONVERSION = YES;
				GCC_WARN_ABOUT_RETURN_TYPE = YES_ERROR;
				GCC_WARN_UNDECLARED_SELECTOR = YES;
				GCC_WARN_UNINITIALIZED_AUTOS = YES_AGGRESSIVE;
				GCC_WARN_UNUSED_FUNCTION = YES;
				GCC_WARN_UNUSED_VARIABLE = YES;
				IPHONEOS_DEPLOYMENT_TARGET = 14.3;
				MTL_ENABLE_DEBUG_INFO = INCLUDE_SOURCE;
				MTL_FAST_MATH = YES;
				ONLY_ACTIVE_ARCH = YES;
				SDKROOT = iphoneos;
				SWIFT_ACTIVE_COMPILATION_CONDITIONS = DEBUG;
				SWIFT_OPTIMIZATION_LEVEL = "-Onone";
			};
			name = Debug;
		};
		C48A44FF25F131940068727D /* Release */ = {
			isa = XCBuildConfiguration;
			buildSettings = {
				ALWAYS_SEARCH_USER_PATHS = NO;
				CLANG_ANALYZER_NONNULL = YES;
				CLANG_ANALYZER_NUMBER_OBJECT_CONVERSION = YES_AGGRESSIVE;
				CLANG_CXX_LANGUAGE_STANDARD = "gnu++14";
				CLANG_CXX_LIBRARY = "libc++";
				CLANG_ENABLE_MODULES = YES;
				CLANG_ENABLE_OBJC_ARC = YES;
				CLANG_ENABLE_OBJC_WEAK = YES;
				CLANG_WARN_BLOCK_CAPTURE_AUTORELEASING = YES;
				CLANG_WARN_BOOL_CONVERSION = YES;
				CLANG_WARN_COMMA = YES;
				CLANG_WARN_CONSTANT_CONVERSION = YES;
				CLANG_WARN_DEPRECATED_OBJC_IMPLEMENTATIONS = YES;
				CLANG_WARN_DIRECT_OBJC_ISA_USAGE = YES_ERROR;
				CLANG_WARN_DOCUMENTATION_COMMENTS = YES;
				CLANG_WARN_EMPTY_BODY = YES;
				CLANG_WARN_ENUM_CONVERSION = YES;
				CLANG_WARN_INFINITE_RECURSION = YES;
				CLANG_WARN_INT_CONVERSION = YES;
				CLANG_WARN_NON_LITERAL_NULL_CONVERSION = YES;
				CLANG_WARN_OBJC_IMPLICIT_RETAIN_SELF = YES;
				CLANG_WARN_OBJC_LITERAL_CONVERSION = YES;
				CLANG_WARN_OBJC_ROOT_CLASS = YES_ERROR;
				CLANG_WARN_QUOTED_INCLUDE_IN_FRAMEWORK_HEADER = YES;
				CLANG_WARN_RANGE_LOOP_ANALYSIS = YES;
				CLANG_WARN_STRICT_PROTOTYPES = YES;
				CLANG_WARN_SUSPICIOUS_MOVE = YES;
				CLANG_WARN_UNGUARDED_AVAILABILITY = YES_AGGRESSIVE;
				CLANG_WARN_UNREACHABLE_CODE = YES;
				CLANG_WARN__DUPLICATE_METHOD_MATCH = YES;
				COPY_PHASE_STRIP = NO;
				DEBUG_INFORMATION_FORMAT = "dwarf-with-dsym";
				ENABLE_NS_ASSERTIONS = NO;
				ENABLE_STRICT_OBJC_MSGSEND = YES;
				GCC_C_LANGUAGE_STANDARD = gnu11;
				GCC_NO_COMMON_BLOCKS = YES;
				GCC_WARN_64_TO_32_BIT_CONVERSION = YES;
				GCC_WARN_ABOUT_RETURN_TYPE = YES_ERROR;
				GCC_WARN_UNDECLARED_SELECTOR = YES;
				GCC_WARN_UNINITIALIZED_AUTOS = YES_AGGRESSIVE;
				GCC_WARN_UNUSED_FUNCTION = YES;
				GCC_WARN_UNUSED_VARIABLE = YES;
				IPHONEOS_DEPLOYMENT_TARGET = 14.3;
				MTL_ENABLE_DEBUG_INFO = NO;
				MTL_FAST_MATH = YES;
				SDKROOT = iphoneos;
				SWIFT_COMPILATION_MODE = wholemodule;
				SWIFT_OPTIMIZATION_LEVEL = "-O";
				VALIDATE_PRODUCT = YES;
			};
			name = Release;
		};
		C48A450125F131940068727D /* Debug */ = {
			isa = XCBuildConfiguration;
			buildSettings = {
				ASSETCATALOG_COMPILER_APPICON_NAME = AppIcon;
				ASSETCATALOG_COMPILER_GLOBAL_ACCENT_COLOR_NAME = AccentColor;
				CODE_SIGN_STYLE = Automatic;
				DEVELOPMENT_ASSET_PATHS = "\"Landmarks/Preview Content\"";
				DEVELOPMENT_TEAM = FJ5PE3F945;
				ENABLE_PREVIEWS = YES;
				INFOPLIST_FILE = Landmarks/Info.plist;
				IPHONEOS_DEPLOYMENT_TARGET = 14.0;
				LD_RUNPATH_SEARCH_PATHS = (
					"$(inherited)",
					"@executable_path/Frameworks",
				);
				PRODUCT_BUNDLE_IDENTIFIER = shogo.Landmarks;
				PRODUCT_NAME = "$(TARGET_NAME)";
				SWIFT_VERSION = 5.0;
				TARGETED_DEVICE_FAMILY = "1,2";
			};
			name = Debug;
		};
		C48A450225F131940068727D /* Release */ = {
			isa = XCBuildConfiguration;
			buildSettings = {
				ASSETCATALOG_COMPILER_APPICON_NAME = AppIcon;
				ASSETCATALOG_COMPILER_GLOBAL_ACCENT_COLOR_NAME = AccentColor;
				CODE_SIGN_STYLE = Automatic;
				DEVELOPMENT_ASSET_PATHS = "\"Landmarks/Preview Content\"";
				DEVELOPMENT_TEAM = FJ5PE3F945;
				ENABLE_PREVIEWS = YES;
				INFOPLIST_FILE = Landmarks/Info.plist;
				IPHONEOS_DEPLOYMENT_TARGET = 14.0;
				LD_RUNPATH_SEARCH_PATHS = (
					"$(inherited)",
					"@executable_path/Frameworks",
				);
				PRODUCT_BUNDLE_IDENTIFIER = shogo.Landmarks;
				PRODUCT_NAME = "$(TARGET_NAME)";
				SWIFT_VERSION = 5.0;
				TARGETED_DEVICE_FAMILY = "1,2";
			};
			name = Release;
		};
/* End XCBuildConfiguration section */

/* Begin XCConfigurationList section */
		C48A44EC25F131930068727D /* Build configuration list for PBXProject "Landmarks" */ = {
			isa = XCConfigurationList;
			buildConfigurations = (
				C48A44FE25F131940068727D /* Debug */,
				C48A44FF25F131940068727D /* Release */,
			);
			defaultConfigurationIsVisible = 0;
			defaultConfigurationName = Release;
		};
		C48A450025F131940068727D /* Build configuration list for PBXNativeTarget "Landmarks" */ = {
			isa = XCConfigurationList;
			buildConfigurations = (
				C48A450125F131940068727D /* Debug */,
				C48A450225F131940068727D /* Release */,
			);
			defaultConfigurationIsVisible = 0;
			defaultConfigurationName = Release;
		};
/* End XCConfigurationList section */
	};
	rootObject = C48A44E925F131930068727D /* Project object */;
}
